
Microsoft Visual Studio Solution File, Format Version 12.00
# Visual Studio Version 17
VisualStudioVersion = 17.11.35312.102
MinimumVisualStudioVersion = 10.0.40219.1
Project("{FAE04EC0-301F-11D3-BF4B-00C04F79EFBC}") = "laba11", "laba11\laba11.csproj", "{29C80CD1-C8D6-480D-BCCA-E9D88E66D0D2}"
EndProject
Global
	GlobalSection(SolutionConfigurationPlatforms) = preSolution
		Debug|Any CPU = Debug|Any CPU
		Release|Any CPU = Release|Any CPU
	EndGlobalSection
	GlobalSection(ProjectConfigurationPlatforms) = postSolution
		{29C80CD1-C8D6-480D-BCCA-E9D88E66D0D2}.Debug|Any CPU.ActiveCfg = Debug|Any CPU
		{29C80CD1-C8D6-480D-BCCA-E9D88E66D0D2}.Debug|Any CPU.Build.0 = Debug|Any CPU
		{29C80CD1-C8D6-480D-BCCA-E9D88E66D0D2}.Release|Any CPU.ActiveCfg = Release|Any CPU
		{29C80CD1-C8D6-480D-BCCA-E9D88E66D0D2}.Release|Any CPU.Build.0 = Release|Any CPU
	EndGlobalSection
	GlobalSection(SolutionProperties) = preSolution
		HideSolutionNode = FALSE
	EndGlobalSection
	GlobalSection(ExtensibilityGlobals) = postSolution
		SolutionGuid = {8BE0104C-759D-4E7E-AA1B-83042D1AE12D}
	EndGlobalSection
EndGlobal
